// !$*UTF8*$!
{
	archiveVersion = 1;
	classes = {
	};
	objectVersion = 56;
	objects = {

/* Begin PBXBuildFile section */
		217A64BE2BEE443800F31385 /* JWTTokenValidatorExampleApp.swift in Sources */ = {isa = PBXBuildFile; fileRef = 217A64BD2BEE443800F31385 /* JWTTokenValidatorExampleApp.swift */; };
		217A64C02BEE443800F31385 /* ContentView.swift in Sources */ = {isa = PBXBuildFile; fileRef = 217A64BF2BEE443800F31385 /* ContentView.swift */; };
		217A64C22BEE443A00F31385 /* Assets.xcassets in Resources */ = {isa = PBXBuildFile; fileRef = 217A64C12BEE443A00F31385 /* Assets.xcassets */; };
		217A64C52BEE443A00F31385 /* Preview Assets.xcassets in Resources */ = {isa = PBXBuildFile; fileRef = 217A64C42BEE443A00F31385 /* Preview Assets.xcassets */; };
		217A64CF2BEE443A00F31385 /* JWTTokenValidatorExampleTests.swift in Sources */ = {isa = PBXBuildFile; fileRef = 217A64CE2BEE443A00F31385 /* JWTTokenValidatorExampleTests.swift */; };
		217A64D92BEE443A00F31385 /* JWTTokenValidatorExampleUITests.swift in Sources */ = {isa = PBXBuildFile; fileRef = 217A64D82BEE443A00F31385 /* JWTTokenValidatorExampleUITests.swift */; };
		217A64DB2BEE443A00F31385 /* JWTTokenValidatorExampleUITestsLaunchTests.swift in Sources */ = {isa = PBXBuildFile; fileRef = 217A64DA2BEE443A00F31385 /* JWTTokenValidatorExampleUITestsLaunchTests.swift */; };
		217A64F22BEE464C00F31385 /* JWTTokenValidator.framework in Frameworks */ = {isa = PBXBuildFile; fileRef = 217A64EE2BEE45CC00F31385 /* JWTTokenValidator.framework */; };
		217A64F32BEE464C00F31385 /* JWTTokenValidator.framework in Embed Frameworks */ = {isa = PBXBuildFile; fileRef = 217A64EE2BEE45CC00F31385 /* JWTTokenValidator.framework */; settings = {ATTRIBUTES = (CodeSignOnCopy, RemoveHeadersOnCopy, ); }; };
		217A64F62BEE469B00F31385 /* JWTTokenValidatorViewModel.swift in Sources */ = {isa = PBXBuildFile; fileRef = 217A64F52BEE469B00F31385 /* JWTTokenValidatorViewModel.swift */; };
		217A64F92BF2896200F31385 /* PayloadModel.swift in Sources */ = {isa = PBXBuildFile; fileRef = 217A64F82BF2896200F31385 /* PayloadModel.swift */; };
/* End PBXBuildFile section */

/* Begin PBXContainerItemProxy section */
		217A64CB2BEE443A00F31385 /* PBXContainerItemProxy */ = {
			isa = PBXContainerItemProxy;
			containerPortal = 217A64B22BEE443800F31385 /* Project object */;
			proxyType = 1;
			remoteGlobalIDString = 217A64B92BEE443800F31385;
			remoteInfo = JWTTokenValidatorExample;
		};
		217A64D52BEE443A00F31385 /* PBXContainerItemProxy */ = {
			isa = PBXContainerItemProxy;
			containerPortal = 217A64B22BEE443800F31385 /* Project object */;
			proxyType = 1;
			remoteGlobalIDString = 217A64B92BEE443800F31385;
			remoteInfo = JWTTokenValidatorExample;
		};
		217A64ED2BEE45CC00F31385 /* PBXContainerItemProxy */ = {
			isa = PBXContainerItemProxy;
			containerPortal = 217A64E82BEE45CC00F31385 /* JWTTokenValidator.xcodeproj */;
			proxyType = 2;
			remoteGlobalIDString = 217A63E42BEE20E900F31385;
			remoteInfo = JWTTokenValidator;
		};
		217A64EF2BEE45CC00F31385 /* PBXContainerItemProxy */ = {
			isa = PBXContainerItemProxy;
			containerPortal = 217A64E82BEE45CC00F31385 /* JWTTokenValidator.xcodeproj */;
			proxyType = 2;
			remoteGlobalIDString = 217A63EC2BEE20E900F31385;
			remoteInfo = JWTTokenValidatorTests;
		};
/* End PBXContainerItemProxy section */

/* Begin PBXCopyFilesBuildPhase section */
		217A64F42BEE464C00F31385 /* Embed Frameworks */ = {
			isa = PBXCopyFilesBuildPhase;
			buildActionMask = 2147483647;
			dstPath = "";
			dstSubfolderSpec = 10;
			files = (
				217A64F32BEE464C00F31385 /* JWTTokenValidator.framework in Embed Frameworks */,
			);
			name = "Embed Frameworks";
			runOnlyForDeploymentPostprocessing = 0;
		};
/* End PBXCopyFilesBuildPhase section */

/* Begin PBXFileReference section */
		217A64BA2BEE443800F31385 /* JWTTokenValidatorExample.app */ = {isa = PBXFileReference; explicitFileType = wrapper.application; includeInIndex = 0; path = JWTTokenValidatorExample.app; sourceTree = BUILT_PRODUCTS_DIR; };
		217A64BD2BEE443800F31385 /* JWTTokenValidatorExampleApp.swift */ = {isa = PBXFileReference; lastKnownFileType = sourcecode.swift; path = JWTTokenValidatorExampleApp.swift; sourceTree = "<group>"; };
		217A64BF2BEE443800F31385 /* ContentView.swift */ = {isa = PBXFileReference; lastKnownFileType = sourcecode.swift; path = ContentView.swift; sourceTree = "<group>"; };
		217A64C12BEE443A00F31385 /* Assets.xcassets */ = {isa = PBXFileReference; lastKnownFileType = folder.assetcatalog; path = Assets.xcassets; sourceTree = "<group>"; };
		217A64C42BEE443A00F31385 /* Preview Assets.xcassets */ = {isa = PBXFileReference; lastKnownFileType = folder.assetcatalog; path = "Preview Assets.xcassets"; sourceTree = "<group>"; };
		217A64CA2BEE443A00F31385 /* JWTTokenValidatorExampleTests.xctest */ = {isa = PBXFileReference; explicitFileType = wrapper.cfbundle; includeInIndex = 0; path = JWTTokenValidatorExampleTests.xctest; sourceTree = BUILT_PRODUCTS_DIR; };
		217A64CE2BEE443A00F31385 /* JWTTokenValidatorExampleTests.swift */ = {isa = PBXFileReference; lastKnownFileType = sourcecode.swift; path = JWTTokenValidatorExampleTests.swift; sourceTree = "<group>"; };
		217A64D42BEE443A00F31385 /* JWTTokenValidatorExampleUITests.xctest */ = {isa = PBXFileReference; explicitFileType = wrapper.cfbundle; includeInIndex = 0; path = JWTTokenValidatorExampleUITests.xctest; sourceTree = BUILT_PRODUCTS_DIR; };
		217A64D82BEE443A00F31385 /* JWTTokenValidatorExampleUITests.swift */ = {isa = PBXFileReference; lastKnownFileType = sourcecode.swift; path = JWTTokenValidatorExampleUITests.swift; sourceTree = "<group>"; };
		217A64DA2BEE443A00F31385 /* JWTTokenValidatorExampleUITestsLaunchTests.swift */ = {isa = PBXFileReference; lastKnownFileType = sourcecode.swift; path = JWTTokenValidatorExampleUITestsLaunchTests.swift; sourceTree = "<group>"; };
		217A64E82BEE45CC00F31385 /* JWTTokenValidator.xcodeproj */ = {isa = PBXFileReference; lastKnownFileType = "wrapper.pb-project"; name = JWTTokenValidator.xcodeproj; path = ../JWTTokenValidator/JWTTokenValidator.xcodeproj; sourceTree = "<group>"; };
		217A64F52BEE469B00F31385 /* JWTTokenValidatorViewModel.swift */ = {isa = PBXFileReference; lastKnownFileType = sourcecode.swift; path = JWTTokenValidatorViewModel.swift; sourceTree = "<group>"; };
		217A64F82BF2896200F31385 /* PayloadModel.swift */ = {isa = PBXFileReference; lastKnownFileType = sourcecode.swift; path = PayloadModel.swift; sourceTree = "<group>"; };
/* End PBXFileReference section */

/* Begin PBXFrameworksBuildPhase section */
		217A64B72BEE443800F31385 /* Frameworks */ = {
			isa = PBXFrameworksBuildPhase;
			buildActionMask = 2147483647;
			files = (
				217A64F22BEE464C00F31385 /* JWTTokenValidator.framework in Frameworks */,
			);
			runOnlyForDeploymentPostprocessing = 0;
		};
		217A64C72BEE443A00F31385 /* Frameworks */ = {
			isa = PBXFrameworksBuildPhase;
			buildActionMask = 2147483647;
			files = (
			);
			runOnlyForDeploymentPostprocessing = 0;
		};
		217A64D12BEE443A00F31385 /* Frameworks */ = {
			isa = PBXFrameworksBuildPhase;
			buildActionMask = 2147483647;
			files = (
			);
			runOnlyForDeploymentPostprocessing = 0;
		};
/* End PBXFrameworksBuildPhase section */

/* Begin PBXGroup section */
		217A64B12BEE443800F31385 = {
			isa = PBXGroup;
			children = (
				217A64E82BEE45CC00F31385 /* JWTTokenValidator.xcodeproj */,
				217A64BC2BEE443800F31385 /* JWTTokenValidatorExample */,
				217A64CD2BEE443A00F31385 /* JWTTokenValidatorExampleTests */,
				217A64D72BEE443A00F31385 /* JWTTokenValidatorExampleUITests */,
				217A64BB2BEE443800F31385 /* Products */,
				217A64F12BEE464C00F31385 /* Frameworks */,
			);
			sourceTree = "<group>";
		};
		217A64BB2BEE443800F31385 /* Products */ = {
			isa = PBXGroup;
			children = (
				217A64BA2BEE443800F31385 /* JWTTokenValidatorExample.app */,
				217A64CA2BEE443A00F31385 /* JWTTokenValidatorExampleTests.xctest */,
				217A64D42BEE443A00F31385 /* JWTTokenValidatorExampleUITests.xctest */,
			);
			name = Products;
			sourceTree = "<group>";
		};
		217A64BC2BEE443800F31385 /* JWTTokenValidatorExample */ = {
			isa = PBXGroup;
			children = (
				217A64F72BF2892200F31385 /* Model */,
				217A64BD2BEE443800F31385 /* JWTTokenValidatorExampleApp.swift */,
				217A64BF2BEE443800F31385 /* ContentView.swift */,
				217A64C12BEE443A00F31385 /* Assets.xcassets */,
				217A64C32BEE443A00F31385 /* Preview Content */,
			);
			path = JWTTokenValidatorExample;
			sourceTree = "<group>";
		};
		217A64C32BEE443A00F31385 /* Preview Content */ = {
			isa = PBXGroup;
			children = (
				217A64C42BEE443A00F31385 /* Preview Assets.xcassets */,
			);
			path = "Preview Content";
			sourceTree = "<group>";
		};
		217A64CD2BEE443A00F31385 /* JWTTokenValidatorExampleTests */ = {
			isa = PBXGroup;
			children = (
				217A64CE2BEE443A00F31385 /* JWTTokenValidatorExampleTests.swift */,
			);
			path = JWTTokenValidatorExampleTests;
			sourceTree = "<group>";
		};
		217A64D72BEE443A00F31385 /* JWTTokenValidatorExampleUITests */ = {
			isa = PBXGroup;
			children = (
				217A64D82BEE443A00F31385 /* JWTTokenValidatorExampleUITests.swift */,
				217A64DA2BEE443A00F31385 /* JWTTokenValidatorExampleUITestsLaunchTests.swift */,
			);
			path = JWTTokenValidatorExampleUITests;
			sourceTree = "<group>";
		};
		217A64E92BEE45CC00F31385 /* Products */ = {
			isa = PBXGroup;
			children = (
				217A64EE2BEE45CC00F31385 /* JWTTokenValidator.framework */,
				217A64F02BEE45CC00F31385 /* JWTTokenValidatorTests.xctest */,
			);
			name = Products;
			sourceTree = "<group>";
		};
		217A64F12BEE464C00F31385 /* Frameworks */ = {
			isa = PBXGroup;
			children = (
			);
			name = Frameworks;
			sourceTree = "<group>";
		};
		217A64F72BF2892200F31385 /* Model */ = {
			isa = PBXGroup;
			children = (
				217A64F52BEE469B00F31385 /* JWTTokenValidatorViewModel.swift */,
				217A64F82BF2896200F31385 /* PayloadModel.swift */,
			);
			path = Model;
			sourceTree = "<group>";
		};
/* End PBXGroup section */

/* Begin PBXNativeTarget section */
		217A64B92BEE443800F31385 /* JWTTokenValidatorExample */ = {
			isa = PBXNativeTarget;
			buildConfigurationList = 217A64DE2BEE443A00F31385 /* Build configuration list for PBXNativeTarget "JWTTokenValidatorExample" */;
			buildPhases = (
				217A64B62BEE443800F31385 /* Sources */,
				217A64B72BEE443800F31385 /* Frameworks */,
				217A64B82BEE443800F31385 /* Resources */,
				217A64F42BEE464C00F31385 /* Embed Frameworks */,
			);
			buildRules = (
			);
			dependencies = (
			);
			name = JWTTokenValidatorExample;
			productName = JWTTokenValidatorExample;
			productReference = 217A64BA2BEE443800F31385 /* JWTTokenValidatorExample.app */;
			productType = "com.apple.product-type.application";
		};
		217A64C92BEE443A00F31385 /* JWTTokenValidatorExampleTests */ = {
			isa = PBXNativeTarget;
			buildConfigurationList = 217A64E12BEE443A00F31385 /* Build configuration list for PBXNativeTarget "JWTTokenValidatorExampleTests" */;
			buildPhases = (
				217A64C62BEE443A00F31385 /* Sources */,
				217A64C72BEE443A00F31385 /* Frameworks */,
				217A64C82BEE443A00F31385 /* Resources */,
			);
			buildRules = (
			);
			dependencies = (
				217A64CC2BEE443A00F31385 /* PBXTargetDependency */,
			);
			name = JWTTokenValidatorExampleTests;
			productName = JWTTokenValidatorExampleTests;
			productReference = 217A64CA2BEE443A00F31385 /* JWTTokenValidatorExampleTests.xctest */;
			productType = "com.apple.product-type.bundle.unit-test";
		};
		217A64D32BEE443A00F31385 /* JWTTokenValidatorExampleUITests */ = {
			isa = PBXNativeTarget;
			buildConfigurationList = 217A64E42BEE443A00F31385 /* Build configuration list for PBXNativeTarget "JWTTokenValidatorExampleUITests" */;
			buildPhases = (
				217A64D02BEE443A00F31385 /* Sources */,
				217A64D12BEE443A00F31385 /* Frameworks */,
				217A64D22BEE443A00F31385 /* Resources */,
			);
			buildRules = (
			);
			dependencies = (
				217A64D62BEE443A00F31385 /* PBXTargetDependency */,
			);
			name = JWTTokenValidatorExampleUITests;
			productName = JWTTokenValidatorExampleUITests;
			productReference = 217A64D42BEE443A00F31385 /* JWTTokenValidatorExampleUITests.xctest */;
			productType = "com.apple.product-type.bundle.ui-testing";
		};
/* End PBXNativeTarget section */

/* Begin PBXProject section */
		217A64B22BEE443800F31385 /* Project object */ = {
			isa = PBXProject;
			attributes = {
				BuildIndependentTargetsInParallel = 1;
				LastSwiftUpdateCheck = 1530;
				LastUpgradeCheck = 1530;
				TargetAttributes = {
					217A64B92BEE443800F31385 = {
						CreatedOnToolsVersion = 15.3;
					};
					217A64C92BEE443A00F31385 = {
						CreatedOnToolsVersion = 15.3;
						TestTargetID = 217A64B92BEE443800F31385;
					};
					217A64D32BEE443A00F31385 = {
						CreatedOnToolsVersion = 15.3;
						TestTargetID = 217A64B92BEE443800F31385;
					};
				};
			};
			buildConfigurationList = 217A64B52BEE443800F31385 /* Build configuration list for PBXProject "JWTTokenValidatorExample" */;
			compatibilityVersion = "Xcode 14.0";
			developmentRegion = en;
			hasScannedForEncodings = 0;
			knownRegions = (
				en,
				Base,
			);
			mainGroup = 217A64B12BEE443800F31385;
			productRefGroup = 217A64BB2BEE443800F31385 /* Products */;
			projectDirPath = "";
			projectReferences = (
				{
					ProductGroup = 217A64E92BEE45CC00F31385 /* Products */;
					ProjectRef = 217A64E82BEE45CC00F31385 /* JWTTokenValidator.xcodeproj */;
				},
			);
			projectRoot = "";
			targets = (
				217A64B92BEE443800F31385 /* JWTTokenValidatorExample */,
				217A64C92BEE443A00F31385 /* JWTTokenValidatorExampleTests */,
				217A64D32BEE443A00F31385 /* JWTTokenValidatorExampleUITests */,
			);
		};
/* End PBXProject section */

/* Begin PBXReferenceProxy section */
		217A64EE2BEE45CC00F31385 /* JWTTokenValidator.framework */ = {
			isa = PBXReferenceProxy;
			fileType = wrapper.framework;
			path = JWTTokenValidator.framework;
			remoteRef = 217A64ED2BEE45CC00F31385 /* PBXContainerItemProxy */;
			sourceTree = BUILT_PRODUCTS_DIR;
		};
		217A64F02BEE45CC00F31385 /* JWTTokenValidatorTests.xctest */ = {
			isa = PBXReferenceProxy;
			fileType = wrapper.cfbundle;
			path = JWTTokenValidatorTests.xctest;
			remoteRef = 217A64EF2BEE45CC00F31385 /* PBXContainerItemProxy */;
			sourceTree = BUILT_PRODUCTS_DIR;
		};
/* End PBXReferenceProxy section */

/* Begin PBXResourcesBuildPhase section */
		217A64B82BEE443800F31385 /* Resources */ = {
			isa = PBXResourcesBuildPhase;
			buildActionMask = 2147483647;
			files = (
				217A64C52BEE443A00F31385 /* Preview Assets.xcassets in Resources */,
				217A64C22BEE443A00F31385 /* Assets.xcassets in Resources */,
			);
			runOnlyForDeploymentPostprocessing = 0;
		};
		217A64C82BEE443A00F31385 /* Resources */ = {
			isa = PBXResourcesBuildPhase;
			buildActionMask = 2147483647;
			files = (
			);
			runOnlyForDeploymentPostprocessing = 0;
		};
		217A64D22BEE443A00F31385 /* Resources */ = {
			isa = PBXResourcesBuildPhase;
			buildActionMask = 2147483647;
			files = (
			);
			runOnlyForDeploymentPostprocessing = 0;
		};
/* End PBXResourcesBuildPhase section */

/* Begin PBXSourcesBuildPhase section */
		217A64B62BEE443800F31385 /* Sources */ = {
			isa = PBXSourcesBuildPhase;
			buildActionMask = 2147483647;
			files = (
				217A64F62BEE469B00F31385 /* JWTTokenValidatorViewModel.swift in Sources */,
				217A64C02BEE443800F31385 /* ContentView.swift in Sources */,
				217A64F92BF2896200F31385 /* PayloadModel.swift in Sources */,
				217A64BE2BEE443800F31385 /* JWTTokenValidatorExampleApp.swift in Sources */,
			);
			runOnlyForDeploymentPostprocessing = 0;
		};
		217A64C62BEE443A00F31385 /* Sources */ = {
			isa = PBXSourcesBuildPhase;
			buildActionMask = 2147483647;
			files = (
				217A64CF2BEE443A00F31385 /* JWTTokenValidatorExampleTests.swift in Sources */,
			);
			runOnlyForDeploymentPostprocessing = 0;
		};
		217A64D02BEE443A00F31385 /* Sources */ = {
			isa = PBXSourcesBuildPhase;
			buildActionMask = 2147483647;
			files = (
				217A64DB2BEE443A00F31385 /* JWTTokenValidatorExampleUITestsLaunchTests.swift in Sources */,
				217A64D92BEE443A00F31385 /* JWTTokenValidatorExampleUITests.swift in Sources */,
			);
			runOnlyForDeploymentPostprocessing = 0;
		};
/* End PBXSourcesBuildPhase section */

/* Begin PBXTargetDependency section */
		217A64CC2BEE443A00F31385 /* PBXTargetDependency */ = {
			isa = PBXTargetDependency;
			target = 217A64B92BEE443800F31385 /* JWTTokenValidatorExample */;
			targetProxy = 217A64CB2BEE443A00F31385 /* PBXContainerItemProxy */;
		};
		217A64D62BEE443A00F31385 /* PBXTargetDependency */ = {
			isa = PBXTargetDependency;
			target = 217A64B92BEE443800F31385 /* JWTTokenValidatorExample */;
			targetProxy = 217A64D52BEE443A00F31385 /* PBXContainerItemProxy */;
		};
/* End PBXTargetDependency section */

/* Begin XCBuildConfiguration section */
		217A64DC2BEE443A00F31385 /* Debug */ = {
			isa = XCBuildConfiguration;
			buildSettings = {
				ALWAYS_SEARCH_USER_PATHS = NO;
				ASSETCATALOG_COMPILER_GENERATE_SWIFT_ASSET_SYMBOL_EXTENSIONS = YES;
				CLANG_ANALYZER_NONNULL = YES;
				CLANG_ANALYZER_NUMBER_OBJECT_CONVERSION = YES_AGGRESSIVE;
				CLANG_CXX_LANGUAGE_STANDARD = "gnu++20";
				CLANG_ENABLE_MODULES = YES;
				CLANG_ENABLE_OBJC_ARC = YES;
				CLANG_ENABLE_OBJC_WEAK = YES;
				CLANG_WARN_BLOCK_CAPTURE_AUTORELEASING = YES;
				CLANG_WARN_BOOL_CONVERSION = YES;
				CLANG_WARN_COMMA = YES;
				CLANG_WARN_CONSTANT_CONVERSION = YES;
				CLANG_WARN_DEPRECATED_OBJC_IMPLEMENTATIONS = YES;
				CLANG_WARN_DIRECT_OBJC_ISA_USAGE = YES_ERROR;
				CLANG_WARN_DOCUMENTATION_COMMENTS = YES;
				CLANG_WARN_EMPTY_BODY = YES;
				CLANG_WARN_ENUM_CONVERSION = YES;
				CLANG_WARN_INFINITE_RECURSION = YES;
				CLANG_WARN_INT_CONVERSION = YES;
				CLANG_WARN_NON_LITERAL_NULL_CONVERSION = YES;
				CLANG_WARN_OBJC_IMPLICIT_RETAIN_SELF = YES;
				CLANG_WARN_OBJC_LITERAL_CONVERSION = YES;
				CLANG_WARN_OBJC_ROOT_CLASS = YES_ERROR;
				CLANG_WARN_QUOTED_INCLUDE_IN_FRAMEWORK_HEADER = YES;
				CLANG_WARN_RANGE_LOOP_ANALYSIS = YES;
				CLANG_WARN_STRICT_PROTOTYPES = YES;
				CLANG_WARN_SUSPICIOUS_MOVE = YES;
				CLANG_WARN_UNGUARDED_AVAILABILITY = YES_AGGRESSIVE;
				CLANG_WARN_UNREACHABLE_CODE = YES;
				CLANG_WARN__DUPLICATE_METHOD_MATCH = YES;
				COPY_PHASE_STRIP = NO;
				DEBUG_INFORMATION_FORMAT = dwarf;
				ENABLE_STRICT_OBJC_MSGSEND = YES;
				ENABLE_TESTABILITY = YES;
				ENABLE_USER_SCRIPT_SANDBOXING = YES;
				GCC_C_LANGUAGE_STANDARD = gnu17;
				GCC_DYNAMIC_NO_PIC = NO;
				GCC_NO_COMMON_BLOCKS = YES;
				GCC_OPTIMIZATION_LEVEL = 0;
				GCC_PREPROCESSOR_DEFINITIONS = (
					"DEBUG=1",
					"$(inherited)",
				);
				GCC_WARN_64_TO_32_BIT_CONVERSION = YES;
				GCC_WARN_ABOUT_RETURN_TYPE = YES_ERROR;
				GCC_WARN_UNDECLARED_SELECTOR = YES;
				GCC_WARN_UNINITIALIZED_AUTOS = YES_AGGRESSIVE;
				GCC_WARN_UNUSED_FUNCTION = YES;
				GCC_WARN_UNUSED_VARIABLE = YES;
				IPHONEOS_DEPLOYMENT_TARGET = 17.4;
				LOCALIZATION_PREFERS_STRING_CATALOGS = YES;
				MTL_ENABLE_DEBUG_INFO = INCLUDE_SOURCE;
				MTL_FAST_MATH = YES;
				ONLY_ACTIVE_ARCH = YES;
				SDKROOT = iphoneos;
				SWIFT_ACTIVE_COMPILATION_CONDITIONS = "DEBUG $(inherited)";
				SWIFT_OPTIMIZATION_LEVEL = "-Onone";
			};
			name = Debug;
		};
		217A64DD2BEE443A00F31385 /* Release */ = {
			isa = XCBuildConfiguration;
			buildSettings = {
				ALWAYS_SEARCH_USER_PATHS = NO;
				ASSETCATALOG_COMPILER_GENERATE_SWIFT_ASSET_SYMBOL_EXTENSIONS = YES;
				CLANG_ANALYZER_NONNULL = YES;
				CLANG_ANALYZER_NUMBER_OBJECT_CONVERSION = YES_AGGRESSIVE;
				CLANG_CXX_LANGUAGE_STANDARD = "gnu++20";
				CLANG_ENABLE_MODULES = YES;
				CLANG_ENABLE_OBJC_ARC = YES;
				CLANG_ENABLE_OBJC_WEAK = YES;
				CLANG_WARN_BLOCK_CAPTURE_AUTORELEASING = YES;
				CLANG_WARN_BOOL_CONVERSION = YES;
				CLANG_WARN_COMMA = YES;
				CLANG_WARN_CONSTANT_CONVERSION = YES;
				CLANG_WARN_DEPRECATED_OBJC_IMPLEMENTATIONS = YES;
				CLANG_WARN_DIRECT_OBJC_ISA_USAGE = YES_ERROR;
				CLANG_WARN_DOCUMENTATION_COMMENTS = YES;
				CLANG_WARN_EMPTY_BODY = YES;
				CLANG_WARN_ENUM_CONVERSION = YES;
				CLANG_WARN_INFINITE_RECURSION = YES;
				CLANG_WARN_INT_CONVERSION = YES;
				CLANG_WARN_NON_LITERAL_NULL_CONVERSION = YES;
				CLANG_WARN_OBJC_IMPLICIT_RETAIN_SELF = YES;
				CLANG_WARN_OBJC_LITERAL_CONVERSION = YES;
				CLANG_WARN_OBJC_ROOT_CLASS = YES_ERROR;
				CLANG_WARN_QUOTED_INCLUDE_IN_FRAMEWORK_HEADER = YES;
				CLANG_WARN_RANGE_LOOP_ANALYSIS = YES;
				CLANG_WARN_STRICT_PROTOTYPES = YES;
				CLANG_WARN_SUSPICIOUS_MOVE = YES;
				CLANG_WARN_UNGUARDED_AVAILABILITY = YES_AGGRESSIVE;
				CLANG_WARN_UNREACHABLE_CODE = YES;
				CLANG_WARN__DUPLICATE_METHOD_MATCH = YES;
				COPY_PHASE_STRIP = NO;
				DEBUG_INFORMATION_FORMAT = "dwarf-with-dsym";
				ENABLE_NS_ASSERTIONS = NO;
				ENABLE_STRICT_OBJC_MSGSEND = YES;
				ENABLE_USER_SCRIPT_SANDBOXING = YES;
				GCC_C_LANGUAGE_STANDARD = gnu17;
				GCC_NO_COMMON_BLOCKS = YES;
				GCC_WARN_64_TO_32_BIT_CONVERSION = YES;
				GCC_WARN_ABOUT_RETURN_TYPE = YES_ERROR;
				GCC_WARN_UNDECLARED_SELECTOR = YES;
				GCC_WARN_UNINITIALIZED_AUTOS = YES_AGGRESSIVE;
				GCC_WARN_UNUSED_FUNCTION = YES;
				GCC_WARN_UNUSED_VARIABLE = YES;
				IPHONEOS_DEPLOYMENT_TARGET = 17.4;
				LOCALIZATION_PREFERS_STRING_CATALOGS = YES;
				MTL_ENABLE_DEBUG_INFO = NO;
				MTL_FAST_MATH = YES;
				SDKROOT = iphoneos;
				SWIFT_COMPILATION_MODE = wholemodule;
				VALIDATE_PRODUCT = YES;
			};
			name = Release;
		};
		217A64DF2BEE443A00F31385 /* Debug */ = {
			isa = XCBuildConfiguration;
			buildSettings = {
				ASSETCATALOG_COMPILER_APPICON_NAME = AppIcon;
				ASSETCATALOG_COMPILER_GLOBAL_ACCENT_COLOR_NAME = AccentColor;
				CODE_SIGN_STYLE = Automatic;
				CURRENT_PROJECT_VERSION = 1;
				DEVELOPMENT_ASSET_PATHS = "\"JWTTokenValidatorExample/Preview Content\"";
				ENABLE_PREVIEWS = YES;
				GENERATE_INFOPLIST_FILE = YES;
				INFOPLIST_KEY_UIApplicationSceneManifest_Generation = YES;
				INFOPLIST_KEY_UIApplicationSupportsIndirectInputEvents = YES;
				INFOPLIST_KEY_UILaunchScreen_Generation = YES;
				INFOPLIST_KEY_UISupportedInterfaceOrientations_iPad = "UIInterfaceOrientationPortrait UIInterfaceOrientationPortraitUpsideDown UIInterfaceOrientationLandscapeLeft UIInterfaceOrientationLandscapeRight";
				INFOPLIST_KEY_UISupportedInterfaceOrientations_iPhone = "UIInterfaceOrientationPortrait UIInterfaceOrientationLandscapeLeft UIInterfaceOrientationLandscapeRight";
				LD_RUNPATH_SEARCH_PATHS = (
					"$(inherited)",
					"@executable_path/Frameworks",
				);
				MARKETING_VERSION = 1.0;
				PRODUCT_BUNDLE_IDENTIFIER = com.Leo.JWTTokenValidatorExample;
				PRODUCT_NAME = "$(TARGET_NAME)";
				SWIFT_EMIT_LOC_STRINGS = YES;
				SWIFT_VERSION = 5.0;
				TARGETED_DEVICE_FAMILY = "1,2";
			};
			name = Debug;
		};
		217A64E02BEE443A00F31385 /* Release */ = {
			isa = XCBuildConfiguration;
			buildSettings = {
				ASSETCATALOG_COMPILER_APPICON_NAME = AppIcon;
				ASSETCATALOG_COMPILER_GLOBAL_ACCENT_COLOR_NAME = AccentColor;
				CODE_SIGN_STYLE = Automatic;
				CURRENT_PROJECT_VERSION = 1;
				DEVELOPMENT_ASSET_PATHS = "\"JWTTokenValidatorExample/Preview Content\"";
				ENABLE_PREVIEWS = YES;
				GENERATE_INFOPLIST_FILE = YES;
				INFOPLIST_KEY_UIApplicationSceneManifest_Generation = YES;
				INFOPLIST_KEY_UIApplicationSupportsIndirectInputEvents = YES;
				INFOPLIST_KEY_UILaunchScreen_Generation = YES;
				INFOPLIST_KEY_UISupportedInterfaceOrientations_iPad = "UIInterfaceOrientationPortrait UIInterfaceOrientationPortraitUpsideDown UIInterfaceOrientationLandscapeLeft UIInterfaceOrientationLandscapeRight";
				INFOPLIST_KEY_UISupportedInterfaceOrientations_iPhone = "UIInterfaceOrientationPortrait UIInterfaceOrientationLandscapeLeft UIInterfaceOrientationLandscapeRight";
				LD_RUNPATH_SEARCH_PATHS = (
					"$(inherited)",
					"@executable_path/Frameworks",
				);
				MARKETING_VERSION = 1.0;
				PRODUCT_BUNDLE_IDENTIFIER = com.Leo.JWTTokenValidatorExample;
				PRODUCT_NAME = "$(TARGET_NAME)";
				SWIFT_EMIT_LOC_STRINGS = YES;
				SWIFT_VERSION = 5.0;
				TARGETED_DEVICE_FAMILY = "1,2";
			};
			name = Release;
		};
		217A64E22BEE443A00F31385 /* Debug */ = {
			isa = XCBuildConfiguration;
			buildSettings = {
				ALWAYS_EMBED_SWIFT_STANDARD_LIBRARIES = YES;
				BUNDLE_LOADER = "$(TEST_HOST)";
				CODE_SIGN_STYLE = Automatic;
				CURRENT_PROJECT_VERSION = 1;
				GENERATE_INFOPLIST_FILE = YES;
				IPHONEOS_DEPLOYMENT_TARGET = 17.4;
				MARKETING_VERSION = 1.0;
				PRODUCT_BUNDLE_IDENTIFIER = com.Leo.JWTTokenValidatorExampleTests;
				PRODUCT_NAME = "$(TARGET_NAME)";
				SWIFT_EMIT_LOC_STRINGS = NO;
				SWIFT_VERSION = 5.0;
				TARGETED_DEVICE_FAMILY = "1,2";
				TEST_HOST = "$(BUILT_PRODUCTS_DIR)/JWTTokenValidatorExample.app/$(BUNDLE_EXECUTABLE_FOLDER_PATH)/JWTTokenValidatorExample";
			};
			name = Debug;
		};
		217A64E32BEE443A00F31385 /* Release */ = {
			isa = XCBuildConfiguration;
			buildSettings = {
				ALWAYS_EMBED_SWIFT_STANDARD_LIBRARIES = YES;
				BUNDLE_LOADER = "$(TEST_HOST)";
				CODE_SIGN_STYLE = Automatic;
				CURRENT_PROJECT_VERSION = 1;
				GENERATE_INFOPLIST_FILE = YES;
				IPHONEOS_DEPLOYMENT_TARGET = 17.4;
				MARKETING_VERSION = 1.0;
				PRODUCT_BUNDLE_IDENTIFIER = com.Leo.JWTTokenValidatorExampleTests;
				PRODUCT_NAME = "$(TARGET_NAME)";
				SWIFT_EMIT_LOC_STRINGS = NO;
				SWIFT_VERSION = 5.0;
				TARGETED_DEVICE_FAMILY = "1,2";
				TEST_HOST = "$(BUILT_PRODUCTS_DIR)/JWTTokenValidatorExample.app/$(BUNDLE_EXECUTABLE_FOLDER_PATH)/JWTTokenValidatorExample";
			};
			name = Release;
		};
		217A64E52BEE443A00F31385 /* Debug */ = {
			isa = XCBuildConfiguration;
			buildSettings = {
				ALWAYS_EMBED_SWIFT_STANDARD_LIBRARIES = YES;
				CODE_SIGN_STYLE = Automatic;
				CURRENT_PROJECT_VERSION = 1;
				GENERATE_INFOPLIST_FILE = YES;
				MARKETING_VERSION = 1.0;
				PRODUCT_BUNDLE_IDENTIFIER = com.Leo.JWTTokenValidatorExampleUITests;
				PRODUCT_NAME = "$(TARGET_NAME)";
				SWIFT_EMIT_LOC_STRINGS = NO;
				SWIFT_VERSION = 5.0;
				TARGETED_DEVICE_FAMILY = "1,2";
				TEST_TARGET_NAME = JWTTokenValidatorExample;
			};
			name = Debug;
		};
		217A64E62BEE443A00F31385 /* Release */ = {
			isa = XCBuildConfiguration;
			buildSettings = {
				ALWAYS_EMBED_SWIFT_STANDARD_LIBRARIES = YES;
				CODE_SIGN_STYLE = Automatic;
				CURRENT_PROJECT_VERSION = 1;
				GENERATE_INFOPLIST_FILE = YES;
				MARKETING_VERSION = 1.0;
				PRODUCT_BUNDLE_IDENTIFIER = com.Leo.JWTTokenValidatorExampleUITests;
				PRODUCT_NAME = "$(TARGET_NAME)";
				SWIFT_EMIT_LOC_STRINGS = NO;
				SWIFT_VERSION = 5.0;
				TARGETED_DEVICE_FAMILY = "1,2";
				TEST_TARGET_NAME = JWTTokenValidatorExample;
			};
			name = Release;
		};
/* End XCBuildConfiguration section */

/* Begin XCConfigurationList section */
		217A64B52BEE443800F31385 /* Build configuration list for PBXProject "JWTTokenValidatorExample" */ = {
			isa = XCConfigurationList;
			buildConfigurations = (
				217A64DC2BEE443A00F31385 /* Debug */,
				217A64DD2BEE443A00F31385 /* Release */,
			);
			defaultConfigurationIsVisible = 0;
			defaultConfigurationName = Release;
		};
		217A64DE2BEE443A00F31385 /* Build configuration list for PBXNativeTarget "JWTTokenValidatorExample" */ = {
			isa = XCConfigurationList;
			buildConfigurations = (
				217A64DF2BEE443A00F31385 /* Debug */,
				217A64E02BEE443A00F31385 /* Release */,
			);
			defaultConfigurationIsVisible = 0;
			defaultConfigurationName = Release;
		};
		217A64E12BEE443A00F31385 /* Build configuration list for PBXNativeTarget "JWTTokenValidatorExampleTests" */ = {
			isa = XCConfigurationList;
			buildConfigurations = (
				217A64E22BEE443A00F31385 /* Debug */,
				217A64E32BEE443A00F31385 /* Release */,
			);
			defaultConfigurationIsVisible = 0;
			defaultConfigurationName = Release;
		};
		217A64E42BEE443A00F31385 /* Build configuration list for PBXNativeTarget "JWTTokenValidatorExampleUITests" */ = {
			isa = XCConfigurationList;
			buildConfigurations = (
				217A64E52BEE443A00F31385 /* Debug */,
				217A64E62BEE443A00F31385 /* Release */,
			);
			defaultConfigurationIsVisible = 0;
			defaultConfigurationName = Release;
		};
/* End XCConfigurationList section */
	};
	rootObject = 217A64B22BEE443800F31385 /* Project object */;
}
